Microsoft Visual Studio Solution File, Format Version 12.00
Project("{9A19103F-16F7-4668-BE54-9A1E7A4F7556}") = "Project1", "Project1.csproj", "{B20EE727-2E23-460E-8339-FB96AA1E2938}"
EndProject
Global
	GlobalSection(SolutionConfigurationPlatforms) = preSolution
		Debug|Any CPU = Debug|Any CPU
		Release|Any CPU = Release|Any CPU
	EndGlobalSection
	GlobalSection(ProjectConfigurationPlatforms) = postSolution
		{B20EE727-2E23-460E-8339-FB96AA1E2938}.Debug|Any CPU.ActiveCfg = Debug|Any CPU
		{B20EE727-2E23-460E-8339-FB96AA1E2938}.Debug|Any CPU.Build.0 = Debug|Any CPU
		{B20EE727-2E23-460E-8339-FB96AA1E2938}.Release|Any CPU.ActiveCfg = Release|Any CPU
		{B20EE727-2E23-460E-8339-FB96AA1E2938}.Release|Any CPU.Build.0 = Release|Any CPU
	EndGlobalSection
	GlobalSection(SolutionProperties) = preSolution
		HideSolutionNode = FALSE
	EndGlobalSection
	GlobalSection(ExtensibilityGlobals) = postSolution
		SolutionGuid = {6BB0A658-77DD-4267-AE93-C4F21072AC53}
	EndGlobalSection
EndGlobal
